{
  "nodes": {
    "dune": {
      "inputs": {
        "melange": "melange",
        "nixpkgs": [
          "nixpkgs"
        ],
        "nixpkgs-old": "nixpkgs-old",
        "ocaml-overlays": "ocaml-overlays",
        "oxcaml": "oxcaml",
        "oxcaml-opam-repository": "oxcaml-opam-repository"
      },
      "locked": {
        "lastModified": 1767705442,
        "narHash": "sha256-z/lypvctKysyWK5dWZiq7ozJwADtRBln2yLv+jNcFig=",
        "owner": "ocaml",
        "repo": "dune",
        "rev": "1ba3c75cc9c9ef18bce1a4e1a2854cc424d0eafc",
        "type": "github"
      },
      "original": {
        "owner": "ocaml",
        "repo": "dune",
        "type": "github"
      }
    },
    "flake-compat": {
      "flake": false,
      "locked": {
        "lastModified": 1767039857,
        "narHash": "sha256-vNpUSpF5Nuw8xvDLj2KCwwksIbjua2LZCqhV1LNRDns=",
        "owner": "edolstra",
        "repo": "flake-compat",
        "rev": "5edf11c44bc78a0d334f6334cdaf7d60d732daab",
        "type": "github"
      },
      "original": {
        "owner": "edolstra",
        "repo": "flake-compat",
        "type": "github"
      }
    },
    "flake-utils": {
      "inputs": {
        "systems": "systems"
      },
      "locked": {
        "lastModified": 1731533236,
        "narHash": "sha256-l0KFg5HjrsfsO/JpG+r7fRrqm12kzFHyUHqHCVpMMbI=",
        "owner": "numtide",
        "repo": "flake-utils",
        "rev": "11707dc2f618dd54ca8739b309ec4fc024de578b",
        "type": "github"
      },
      "original": {
        "owner": "numtide",
        "repo": "flake-utils",
        "type": "github"
      }
    },
    "melange": {
      "inputs": {
        "melange-compiler-libs": "melange-compiler-libs",
        "nixpkgs": [
          "dune",
          "nixpkgs"
        ]
      },
      "locked": {
        "lastModified": 1763880791,
        "narHash": "sha256-aD3CrTlqEh/MPRjfbs3UgdjlX37zLSFZKQ5xOGuu2VI=",
        "owner": "melange-re",
        "repo": "melange",
        "rev": "a63c2953970d3fd9e4eb0a0f8cd4ca1e400841ea",
        "type": "github"
      },
      "original": {
        "owner": "melange-re",
        "ref": "v6-54",
        "repo": "melange",
        "type": "github"
      }
    },
    "melange-compiler-libs": {
      "inputs": {
        "nixpkgs": [
          "dune",
          "melange",
          "nixpkgs"
        ]
      },
      "locked": {
        "lastModified": 1760240634,
        "narHash": "sha256-cmPZs92Vva6X06E8MreMVn6Yu5gqZtAYLJRweTEWwRY=",
        "owner": "melange-re",
        "repo": "melange-compiler-libs",
        "rev": "b8d6659bfe3045938afa83f37b7c357c052d10c7",
        "type": "github"
      },
      "original": {
        "owner": "melange-re",
        "ref": "5.4",
        "repo": "melange-compiler-libs",
        "type": "github"
      }
    },
    "mirage-opam-overlays": {
      "flake": false,
      "locked": {
        "lastModified": 1710922379,
        "narHash": "sha256-j4QREQDUf8oHOX7qg6wAOupgsNQoYlufxoPrgagD+pY=",
        "owner": "dune-universe",
        "repo": "mirage-opam-overlays",
        "rev": "797cb363df3ff763c43c8fbec5cd44de2878757e",
        "type": "github"
      },
      "original": {
        "owner": "dune-universe",
        "repo": "mirage-opam-overlays",
        "type": "github"
      }
    },
    "nix-github-actions": {
      "inputs": {
        "nixpkgs": [
          "dune",
          "oxcaml",
          "nixpkgs"
        ]
      },
      "locked": {
        "lastModified": 1737420293,
        "narHash": "sha256-F1G5ifvqTpJq7fdkT34e/Jy9VCyzd5XfJ9TO8fHhJWE=",
        "owner": "nix-community",
        "repo": "nix-github-actions",
        "rev": "f4158fa080ef4503c8f4c820967d946c2af31ec9",
        "type": "github"
      },
      "original": {
        "owner": "nix-community",
        "repo": "nix-github-actions",
        "type": "github"
      }
    },
    "nixpkgs": {
      "locked": {
        "lastModified": 1766902085,
        "narHash": "sha256-coBu0ONtFzlwwVBzmjacUQwj3G+lybcZ1oeNSQkgC0M=",
        "owner": "nixos",
        "repo": "nixpkgs",
        "rev": "c0b0e0fddf73fd517c3471e546c0df87a42d53f4",
        "type": "github"
      },
      "original": {
        "owner": "nixos",
        "ref": "nixos-unstable",
        "repo": "nixpkgs",
        "type": "github"
      }
    },
    "nixpkgs-old": {
      "locked": {
        "lastModified": 1746662029,
        "narHash": "sha256-2lFR2IQHaaUA5X2JMzQ3SGkj5IXFU/ztqpKD4I6vWCw=",
        "owner": "nixos",
        "repo": "nixpkgs",
        "rev": "7f50d4b33363d3948543f6a02b90a2c66852a453",
        "type": "github"
      },
      "original": {
        "owner": "nixos",
        "repo": "nixpkgs",
        "rev": "7f50d4b33363d3948543f6a02b90a2c66852a453",
        "type": "github"
      }
    },
    "ocaml-overlays": {
      "inputs": {
        "nixpkgs": [
          "dune",
          "nixpkgs"
        ]
      },
      "locked": {
        "lastModified": 1766954034,
        "narHash": "sha256-uTqJvUxEsqUdKh5qDF7EBOFgDwV+SIiH2BU1fWI6yGU=",
        "owner": "nix-ocaml",
        "repo": "nix-overlays",
        "rev": "50a9e2bf8de3ea924754d7e242dc055d22b34d44",
        "type": "github"
      },
      "original": {
        "owner": "nix-ocaml",
        "repo": "nix-overlays",
        "type": "github"
      }
    },
    "opam-nix": {
      "inputs": {
        "flake-compat": [
          "flake-compat"
        ],
        "flake-utils": [
          "flake-utils"
        ],
        "mirage-opam-overlays": "mirage-opam-overlays",
        "nixpkgs": [
          "nixpkgs"
        ],
        "opam-overlays": "opam-overlays",
        "opam-repository": [
          "opam-repository"
        ],
        "opam2json": "opam2json"
      },
      "locked": {
        "lastModified": 1754910432,
        "narHash": "sha256-Rx2YuM/SLNJQUZA1qK2uFleXz3Dw+KyjEcSHGUEHPJU=",
        "owner": "tweag",
        "repo": "opam-nix",
        "rev": "0fa28f3ebeb8c6fe193646f2e15f3cd5d7cbeec2",
        "type": "github"
      },
      "original": {
        "owner": "tweag",
        "repo": "opam-nix",
        "type": "github"
      }
    },
    "opam-overlays": {
      "flake": false,
      "locked": {
        "lastModified": 1741116009,
        "narHash": "sha256-Z0PIW82fHJFvAv/JYpAffnp2DaOjLhsPutqyIrORZd0=",
        "owner": "dune-universe",
        "repo": "opam-overlays",
        "rev": "e031bb64e33bf93be963e9a38b28962e6e14381f",
        "type": "github"
      },
      "original": {
        "owner": "dune-universe",
        "repo": "opam-overlays",
        "type": "github"
      }
    },
    "opam-repository": {
      "flake": false,
      "locked": {
        "lastModified": 1756946712,
        "narHash": "sha256-jo24cfjG/Yf1yPppKtL5ogjw6YBCMaMNsfkktRUm018=",
        "owner": "ocaml",
        "repo": "opam-repository",
        "rev": "e28312d8e0d10f256ec9998ff7e868cb6e010778",
        "type": "github"
      },
      "original": {
        "owner": "ocaml",
        "repo": "opam-repository",
        "type": "github"
      }
    },
    "opam2json": {
      "inputs": {
        "nixpkgs": [
          "opam-nix",
          "nixpkgs"
        ],
        "systems": "systems_2"
      },
      "locked": {
        "lastModified": 1749457947,
        "narHash": "sha256-+QVm+HOYikF3wUhqSIV8qJbE/feSG+p48fgxIosbHS0=",
        "owner": "tweag",
        "repo": "opam2json",
        "rev": "0ecd66fc2bfb25d910522c990dd36412259eac1f",
        "type": "github"
      },
      "original": {
        "owner": "tweag",
        "repo": "opam2json",
        "type": "github"
      }
    },
    "oxcaml": {
      "inputs": {
        "flake-utils": [
          "flake-utils"
        ],
        "nix-github-actions": "nix-github-actions",
        "nixpkgs": [
          "dune",
          "nixpkgs"
        ]
      },
      "locked": {
        "lastModified": 1767778465,
        "narHash": "sha256-KMqidXQkNFdnTQ9bq80BREbZDMy1U2QhcTe7kJlwMnQ=",
        "owner": "oxcaml",
        "repo": "oxcaml",
        "rev": "b9d2326c137de6800407bbc3cba92fc5278a73e1",
        "type": "github"
      },
      "original": {
        "owner": "oxcaml",
        "repo": "oxcaml",
        "type": "github"
      }
    },
    "oxcaml-opam-repository": {
      "flake": false,
      "locked": {
        "lastModified": 1764321512,
        "narHash": "sha256-BjBv/2cHpLeOhK2zrmMHep4YCkc0cQmKbACdPZ9pxoo=",
        "owner": "oxcaml",
        "repo": "opam-repository",
        "rev": "4359be11c299fae9aa74374f3f863f64c14e3bd0",
        "type": "github"
      },
      "original": {
        "owner": "oxcaml",
        "repo": "opam-repository",
        "type": "github"
      }
    },
    "root": {
      "inputs": {
        "dune": "dune",
        "flake-compat": "flake-compat",
        "flake-utils": "flake-utils",
        "nixpkgs": "nixpkgs",
        "opam-nix": "opam-nix",
        "opam-repository": "opam-repository",
        "routine-opam-repository": "routine-opam-repository"
      }
    },
    "routine-opam-repository": {
      "flake": false,
      "locked": {
        "lastModified": 1756483343,
        "narHash": "sha256-HWZUtzIbDoTLcaf8owgnhNeaa35PPiZptKHw6o5N2kY=",
        "ref": "refs/heads/master",
        "rev": "45b773e0989f7503ab2c5b16e001d6b34e339e98",
        "revCount": 560,
        "type": "git",
        "url": "ssh://git@gitlab.routine.co/routine/opam.git"
      },
      "original": {
        "type": "git",
        "url": "ssh://git@gitlab.routine.co/routine/opam.git"
      }
    },
    "systems": {
      "locked": {
        "lastModified": 1681028828,
        "narHash": "sha256-Vy1rq5AaRuLzOxct8nz4T6wlgyUR7zLU309k9mBC768=",
        "owner": "nix-systems",
        "repo": "default",
        "rev": "da67096a3b9bf56a91d16901293e51ba5b49a27e",
        "type": "github"
      },
      "original": {
        "owner": "nix-systems",
        "repo": "default",
        "type": "github"
      }
    },
    "systems_2": {
      "locked": {
        "lastModified": 1681028828,
        "narHash": "sha256-Vy1rq5AaRuLzOxct8nz4T6wlgyUR7zLU309k9mBC768=",
        "owner": "nix-systems",
        "repo": "default",
        "rev": "da67096a3b9bf56a91d16901293e51ba5b49a27e",
        "type": "github"
      },
      "original": {
        "owner": "nix-systems",
        "repo": "default",
        "type": "github"
      }
    }
  },
  "root": "root",
  "version": 7
}
