{
  "nodes": {
    "dune": {
      "inputs": {
        "flake-utils": [
          "flake-utils"
        ],
        "melange": "melange",
        "nixpkgs": [
          "nixpkgs"
        ],
        "ocaml-overlays": "ocaml-overlays"
      },
      "locked": {
        "lastModified": 1757500504,
        "narHash": "sha256-RzqPf3SCFYZpqLASiQRGfcpAMFpxi9jqzO9K8BfGOBw=",
        "owner": "ocaml",
        "repo": "dune",
        "rev": "935e26cbcf5bcbaae68bd45ed83f37b62c03b521",
        "type": "github"
      },
      "original": {
        "owner": "ocaml",
        "repo": "dune",
        "type": "github"
      }
    },
    "flake-compat": {
      "flake": false,
      "locked": {
        "lastModified": 1747046372,
        "narHash": "sha256-CIVLLkVgvHYbgI2UpXvIIBJ12HWgX+fjA8Xf8PUmqCY=",
        "owner": "edolstra",
        "repo": "flake-compat",
        "rev": "9100a0f413b0c601e0533d1d94ffd501ce2e7885",
        "type": "github"
      },
      "original": {
        "owner": "edolstra",
        "repo": "flake-compat",
        "type": "github"
      }
    },
    "flake-utils": {
      "inputs": {
        "systems": "systems"
      },
      "locked": {
        "lastModified": 1731533236,
        "narHash": "sha256-l0KFg5HjrsfsO/JpG+r7fRrqm12kzFHyUHqHCVpMMbI=",
        "owner": "numtide",
        "repo": "flake-utils",
        "rev": "11707dc2f618dd54ca8739b309ec4fc024de578b",
        "type": "github"
      },
      "original": {
        "owner": "numtide",
        "repo": "flake-utils",
        "type": "github"
      }
    },
    "melange": {
      "inputs": {
        "melange-compiler-libs": "melange-compiler-libs",
        "nixpkgs": [
          "dune",
          "nixpkgs"
        ]
      },
      "locked": {
        "lastModified": 1742771785,
        "narHash": "sha256-Ihd2b1B/GnRTd0yk63kQ3ryLhgT3hp+Md0BYwOKP+YA=",
        "owner": "melange-re",
        "repo": "melange",
        "rev": "2432b02d9c1990ae62fd44fad8bb53ea35b1e6b0",
        "type": "github"
      },
      "original": {
        "owner": "melange-re",
        "ref": "refs/tags/5.1.0-53",
        "repo": "melange",
        "type": "github"
      }
    },
    "melange-compiler-libs": {
      "inputs": {
        "nixpkgs": [
          "dune",
          "melange",
          "nixpkgs"
        ]
      },
      "locked": {
        "lastModified": 1742165088,
        "narHash": "sha256-N5IZA13/RAd6uYJEn12UlfPpPxyBOuVw4am0qadtUms=",
        "owner": "melange-re",
        "repo": "melange-compiler-libs",
        "rev": "e914cab0ec7d53130d5f1e283283628c98a3583c",
        "type": "github"
      },
      "original": {
        "owner": "melange-re",
        "repo": "melange-compiler-libs",
        "type": "github"
      }
    },
    "mirage-opam-overlays": {
      "flake": false,
      "locked": {
        "lastModified": 1710922379,
        "narHash": "sha256-j4QREQDUf8oHOX7qg6wAOupgsNQoYlufxoPrgagD+pY=",
        "owner": "dune-universe",
        "repo": "mirage-opam-overlays",
        "rev": "797cb363df3ff763c43c8fbec5cd44de2878757e",
        "type": "github"
      },
      "original": {
        "owner": "dune-universe",
        "repo": "mirage-opam-overlays",
        "type": "github"
      }
    },
    "nixpkgs": {
      "locked": {
        "lastModified": 1756787288,
        "narHash": "sha256-rw/PHa1cqiePdBxhF66V7R+WAP8WekQ0mCDG4CFqT8Y=",
        "owner": "nixos",
        "repo": "nixpkgs",
        "rev": "d0fc30899600b9b3466ddb260fd83deb486c32f1",
        "type": "github"
      },
      "original": {
        "owner": "nixos",
        "ref": "nixos-unstable",
        "repo": "nixpkgs",
        "type": "github"
      }
    },
    "ocaml-overlays": {
      "inputs": {
        "nixpkgs": [
          "dune",
          "nixpkgs"
        ]
      },
      "locked": {
        "lastModified": 1752292614,
        "narHash": "sha256-PwW/5J+SslGqkaCEad/1fvbTgPw2eI2UJkjStmGSChI=",
        "owner": "nix-ocaml",
        "repo": "nix-overlays",
        "rev": "fbbcd2e563cf33e4a4fdbac4395e7276a506ef09",
        "type": "github"
      },
      "original": {
        "owner": "nix-ocaml",
        "repo": "nix-overlays",
        "type": "github"
      }
    },
    "opam-nix": {
      "inputs": {
        "flake-compat": [
          "flake-compat"
        ],
        "flake-utils": [
          "flake-utils"
        ],
        "mirage-opam-overlays": "mirage-opam-overlays",
        "nixpkgs": [
          "nixpkgs"
        ],
        "opam-overlays": "opam-overlays",
        "opam-repository": [
          "opam-repository"
        ],
        "opam2json": "opam2json"
      },
      "locked": {
        "lastModified": 1754910432,
        "narHash": "sha256-Rx2YuM/SLNJQUZA1qK2uFleXz3Dw+KyjEcSHGUEHPJU=",
        "owner": "tweag",
        "repo": "opam-nix",
        "rev": "0fa28f3ebeb8c6fe193646f2e15f3cd5d7cbeec2",
        "type": "github"
      },
      "original": {
        "owner": "tweag",
        "repo": "opam-nix",
        "type": "github"
      }
    },
    "opam-overlays": {
      "flake": false,
      "locked": {
        "lastModified": 1741116009,
        "narHash": "sha256-Z0PIW82fHJFvAv/JYpAffnp2DaOjLhsPutqyIrORZd0=",
        "owner": "dune-universe",
        "repo": "opam-overlays",
        "rev": "e031bb64e33bf93be963e9a38b28962e6e14381f",
        "type": "github"
      },
      "original": {
        "owner": "dune-universe",
        "repo": "opam-overlays",
        "type": "github"
      }
    },
    "opam-repository": {
      "flake": false,
      "locked": {
        "lastModified": 1756946712,
        "narHash": "sha256-jo24cfjG/Yf1yPppKtL5ogjw6YBCMaMNsfkktRUm018=",
        "owner": "ocaml",
        "repo": "opam-repository",
        "rev": "e28312d8e0d10f256ec9998ff7e868cb6e010778",
        "type": "github"
      },
      "original": {
        "owner": "ocaml",
        "repo": "opam-repository",
        "type": "github"
      }
    },
    "opam2json": {
      "inputs": {
        "nixpkgs": [
          "opam-nix",
          "nixpkgs"
        ],
        "systems": "systems_2"
      },
      "locked": {
        "lastModified": 1749457947,
        "narHash": "sha256-+QVm+HOYikF3wUhqSIV8qJbE/feSG+p48fgxIosbHS0=",
        "owner": "tweag",
        "repo": "opam2json",
        "rev": "0ecd66fc2bfb25d910522c990dd36412259eac1f",
        "type": "github"
      },
      "original": {
        "owner": "tweag",
        "repo": "opam2json",
        "type": "github"
      }
    },
    "root": {
      "inputs": {
        "dune": "dune",
        "flake-compat": "flake-compat",
        "flake-utils": "flake-utils",
        "nixpkgs": "nixpkgs",
        "opam-nix": "opam-nix",
        "opam-repository": "opam-repository",
        "routine-opam-repository": "routine-opam-repository"
      }
    },
    "routine-opam-repository": {
      "flake": false,
      "locked": {
        "lastModified": 1756483343,
        "narHash": "sha256-HWZUtzIbDoTLcaf8owgnhNeaa35PPiZptKHw6o5N2kY=",
        "ref": "refs/heads/master",
        "rev": "45b773e0989f7503ab2c5b16e001d6b34e339e98",
        "revCount": 560,
        "type": "git",
        "url": "ssh://git@gitlab.routine.co/routine/opam.git"
      },
      "original": {
        "type": "git",
        "url": "ssh://git@gitlab.routine.co/routine/opam.git"
      }
    },
    "systems": {
      "locked": {
        "lastModified": 1681028828,
        "narHash": "sha256-Vy1rq5AaRuLzOxct8nz4T6wlgyUR7zLU309k9mBC768=",
        "owner": "nix-systems",
        "repo": "default",
        "rev": "da67096a3b9bf56a91d16901293e51ba5b49a27e",
        "type": "github"
      },
      "original": {
        "owner": "nix-systems",
        "repo": "default",
        "type": "github"
      }
    },
    "systems_2": {
      "locked": {
        "lastModified": 1681028828,
        "narHash": "sha256-Vy1rq5AaRuLzOxct8nz4T6wlgyUR7zLU309k9mBC768=",
        "owner": "nix-systems",
        "repo": "default",
        "rev": "da67096a3b9bf56a91d16901293e51ba5b49a27e",
        "type": "github"
      },
      "original": {
        "owner": "nix-systems",
        "repo": "default",
        "type": "github"
      }
    }
  },
  "root": "root",
  "version": 7
}
